
Microsoft Visual Studio Solution File, Format Version 12.00
# Visual Studio Version 16
VisualStudioVersion = 16.0.31402.337
MinimumVisualStudioVersion = 10.0.40219.1
Project("{9A19103F-16F7-4668-BE54-9A1E7A4F7556}") = "Filmoteka", "Filmoteka\Filmoteka.csproj", "{1900F9CB-C6E2-4716-877D-C1DDAC0317D1}"
EndProject
Project("{2150E333-8FDC-42A3-9474-1A3956D46DE8}") = "CI", "CI", "{80FCF9CF-D9A4-4E76-B37C-9FE6E3D9288F}"
EndProject
Project("{FAE04EC0-301F-11D3-BF4B-00C04F79EFBC}") = "Gateway", "Gateway\Gateway.csproj", "{3797295C-D2FC-4A9F-B448-0BE8D7126D67}"
EndProject
Global
	GlobalSection(SolutionConfigurationPlatforms) = preSolution
		Debug|Any CPU = Debug|Any CPU
		Release|Any CPU = Release|Any CPU
	EndGlobalSection
	GlobalSection(ProjectConfigurationPlatforms) = postSolution
		{1900F9CB-C6E2-4716-877D-C1DDAC0317D1}.Debug|Any CPU.ActiveCfg = Debug|Any CPU
		{1900F9CB-C6E2-4716-877D-C1DDAC0317D1}.Debug|Any CPU.Build.0 = Debug|Any CPU
		{1900F9CB-C6E2-4716-877D-C1DDAC0317D1}.Release|Any CPU.ActiveCfg = Release|Any CPU
		{1900F9CB-C6E2-4716-877D-C1DDAC0317D1}.Release|Any CPU.Build.0 = Release|Any CPU
		{3797295C-D2FC-4A9F-B448-0BE8D7126D67}.Debug|Any CPU.ActiveCfg = Debug|Any CPU
		{3797295C-D2FC-4A9F-B448-0BE8D7126D67}.Debug|Any CPU.Build.0 = Debug|Any CPU
		{3797295C-D2FC-4A9F-B448-0BE8D7126D67}.Release|Any CPU.ActiveCfg = Release|Any CPU
		{3797295C-D2FC-4A9F-B448-0BE8D7126D67}.Release|Any CPU.Build.0 = Release|Any CPU
	EndGlobalSection
	GlobalSection(SolutionProperties) = preSolution
		HideSolutionNode = FALSE
	EndGlobalSection
	GlobalSection(ExtensibilityGlobals) = postSolution
		SolutionGuid = {0700B877-346A-45E1-9B9B-3ED245B1B210}
	EndGlobalSection
EndGlobal
